# This file is automatically @generated by Cargo.
# It is not intended for manual editing.
[[package]]
name = "anymap"
version = "1.0.0-beta.1"
dependencies = [
 "hashbrown 0.1.1 (registry+https://github.com/rust-lang/crates.io-index)",
]

[[package]]
name = "byteorder"
version = "1.4.3"
source = "registry+https://github.com/rust-lang/crates.io-index"

[[package]]
name = "hashbrown"
version = "0.1.1"
source = "registry+https://github.com/rust-lang/crates.io-index"
dependencies = [
 "byteorder 1.4.3 (registry+https://github.com/rust-lang/crates.io-index)",
 "scopeguard 0.3.3 (registry+https://github.com/rust-lang/crates.io-index)",
]

[[package]]
name = "scopeguard"
version = "0.3.3"
source = "registry+https://github.com/rust-lang/crates.io-index"

[metadata]
"checksum byteorder 1.4.3 (registry+https://github.com/rust-lang/crates.io-index)" = "14c189c53d098945499cdfa7ecc63567cf3886b3332b312a5b4585d8d3a6a610"
"checksum hashbrown 0.1.1 (registry+https://github.com/rust-lang/crates.io-index)" = "2dfb69c301cead891d010536c7d1b3affe792f5a2be5d6fbd0fcaf7fa0976962"
"checksum scopeguard 0.3.3 (registry+https://github.com/rust-lang/crates.io-index)" = "94258f53601af11e6a49f722422f6e3425c52b06245a5cf9bc09908b174f5e27"
